
Microsoft Visual Studio Solution File, Format Version 12.00
Project("{FAE04EC0-301F-11D3-BF4B-00C04F79EFBC}") = "ASP.NET_HW_9", "ASP.NET_HW_9.csproj", "{0B89A6D7-9CCA-4D5A-8BA5-858090F8CD25}"
EndProject
Global
	GlobalSection(SolutionConfigurationPlatforms) = preSolution
		Debug|Any CPU = Debug|Any CPU
		Release|Any CPU = Release|Any CPU
	EndGlobalSection
	GlobalSection(ProjectConfigurationPlatforms) = postSolution
		{0B89A6D7-9CCA-4D5A-8BA5-858090F8CD25}.Debug|Any CPU.ActiveCfg = Debug|Any CPU
		{0B89A6D7-9CCA-4D5A-8BA5-858090F8CD25}.Debug|Any CPU.Build.0 = Debug|Any CPU
		{0B89A6D7-9CCA-4D5A-8BA5-858090F8CD25}.Release|Any CPU.ActiveCfg = Release|Any CPU
		{0B89A6D7-9CCA-4D5A-8BA5-858090F8CD25}.Release|Any CPU.Build.0 = Release|Any CPU
	EndGlobalSection
EndGlobal
